
Microsoft Visual Studio Solution File, Format Version 12.00
# Visual Studio Version 17
VisualStudioVersion = 17.6.33829.357
MinimumVisualStudioVersion = 10.0.40219.1
Project("{FAE04EC0-301F-11D3-BF4B-00C04F79EFBC}") = "ProjectDemo", "ProjectDemo\ProjectDemo.csproj", "{0D744080-EBD3-4205-88FA-2D1B404497BC}"
EndProject
Project("{FAE04EC0-301F-11D3-BF4B-00C04F79EFBC}") = "BLL", "BLL\BLL.csproj", "{DA2C2F39-B685-4A18-BE10-66B45766BFFA}"
EndProject
Project("{FAE04EC0-301F-11D3-BF4B-00C04F79EFBC}") = "DAL", "DAL\DAL.csproj", "{73FD71C4-8092-4792-BB86-6210ABB6C552}"
EndProject
Global
	GlobalSection(SolutionConfigurationPlatforms) = preSolution
		Debug|Any CPU = Debug|Any CPU
		Release|Any CPU = Release|Any CPU
	EndGlobalSection
	GlobalSection(ProjectConfigurationPlatforms) = postSolution
		{0D744080-EBD3-4205-88FA-2D1B404497BC}.Debug|Any CPU.ActiveCfg = Debug|Any CPU
		{0D744080-EBD3-4205-88FA-2D1B404497BC}.Debug|Any CPU.Build.0 = Debug|Any CPU
		{0D744080-EBD3-4205-88FA-2D1B404497BC}.Release|Any CPU.ActiveCfg = Release|Any CPU
		{0D744080-EBD3-4205-88FA-2D1B404497BC}.Release|Any CPU.Build.0 = Release|Any CPU
		{DA2C2F39-B685-4A18-BE10-66B45766BFFA}.Debug|Any CPU.ActiveCfg = Debug|Any CPU
		{DA2C2F39-B685-4A18-BE10-66B45766BFFA}.Debug|Any CPU.Build.0 = Debug|Any CPU
		{DA2C2F39-B685-4A18-BE10-66B45766BFFA}.Release|Any CPU.ActiveCfg = Release|Any CPU
		{DA2C2F39-B685-4A18-BE10-66B45766BFFA}.Release|Any CPU.Build.0 = Release|Any CPU
		{73FD71C4-8092-4792-BB86-6210ABB6C552}.Debug|Any CPU.ActiveCfg = Debug|Any CPU
		{73FD71C4-8092-4792-BB86-6210ABB6C552}.Debug|Any CPU.Build.0 = Debug|Any CPU
		{73FD71C4-8092-4792-BB86-6210ABB6C552}.Release|Any CPU.ActiveCfg = Release|Any CPU
		{73FD71C4-8092-4792-BB86-6210ABB6C552}.Release|Any CPU.Build.0 = Release|Any CPU
	EndGlobalSection
	GlobalSection(SolutionProperties) = preSolution
		HideSolutionNode = FALSE
	EndGlobalSection
	GlobalSection(ExtensibilityGlobals) = postSolution
		SolutionGuid = {9CE25438-6BD4-4476-AF5D-FFB817A50AEB}
	EndGlobalSection
EndGlobal
